
Microsoft Visual Studio Solution File, Format Version 12.00
# Visual Studio Version 17
VisualStudioVersion = 17.9.34728.123
MinimumVisualStudioVersion = 10.0.40219.1
Project("{9A19103F-16F7-4668-BE54-9A1E7A4F7556}") = "CalunsagWebApp", "CalunsagWebApp\CalunsagWebApp.csproj", "{02F60F42-9703-4909-B1AD-ABF8E07856AE}"
EndProject
Project("{00D1A9C2-B5F0-4AF3-8072-F6C62B433612}") = "Database1", "Database1\Database1.sqlproj", "{9586AA4E-F025-40E9-A221-4CB0E1370CA2}"
EndProject
Global
	GlobalSection(SolutionConfigurationPlatforms) = preSolution
		Debug|Any CPU = Debug|Any CPU
		Release|Any CPU = Release|Any CPU
	EndGlobalSection
	GlobalSection(ProjectConfigurationPlatforms) = postSolution
		{02F60F42-9703-4909-B1AD-ABF8E07856AE}.Debug|Any CPU.ActiveCfg = Debug|Any CPU
		{02F60F42-9703-4909-B1AD-ABF8E07856AE}.Debug|Any CPU.Build.0 = Debug|Any CPU
		{02F60F42-9703-4909-B1AD-ABF8E07856AE}.Release|Any CPU.ActiveCfg = Release|Any CPU
		{02F60F42-9703-4909-B1AD-ABF8E07856AE}.Release|Any CPU.Build.0 = Release|Any CPU
		{9586AA4E-F025-40E9-A221-4CB0E1370CA2}.Debug|Any CPU.ActiveCfg = Debug|Any CPU
		{9586AA4E-F025-40E9-A221-4CB0E1370CA2}.Debug|Any CPU.Build.0 = Debug|Any CPU
		{9586AA4E-F025-40E9-A221-4CB0E1370CA2}.Debug|Any CPU.Deploy.0 = Debug|Any CPU
		{9586AA4E-F025-40E9-A221-4CB0E1370CA2}.Release|Any CPU.ActiveCfg = Release|Any CPU
		{9586AA4E-F025-40E9-A221-4CB0E1370CA2}.Release|Any CPU.Build.0 = Release|Any CPU
		{9586AA4E-F025-40E9-A221-4CB0E1370CA2}.Release|Any CPU.Deploy.0 = Release|Any CPU
	EndGlobalSection
	GlobalSection(SolutionProperties) = preSolution
		HideSolutionNode = FALSE
	EndGlobalSection
	GlobalSection(ExtensibilityGlobals) = postSolution
		SolutionGuid = {638DE205-D793-4E06-863F-EFC12FDF92E5}
	EndGlobalSection
EndGlobal
