
Microsoft Visual Studio Solution File, Format Version 12.00
# Visual Studio Version 17
VisualStudioVersion = 17.10.35122.118
MinimumVisualStudioVersion = 10.0.40219.1
Project("{9A19103F-16F7-4668-BE54-9A1E7A4F7556}") = "WebApplication1", "WebApplication1\WebApplication1.csproj", "{E04C45D8-C573-4C8B-A96A-F56631A7B7FE}"
EndProject
Global
	GlobalSection(SolutionConfigurationPlatforms) = preSolution
		Debug|Any CPU = Debug|Any CPU
		Release|Any CPU = Release|Any CPU
	EndGlobalSection
	GlobalSection(ProjectConfigurationPlatforms) = postSolution
		{E04C45D8-C573-4C8B-A96A-F56631A7B7FE}.Debug|Any CPU.ActiveCfg = Debug|Any CPU
		{E04C45D8-C573-4C8B-A96A-F56631A7B7FE}.Debug|Any CPU.Build.0 = Debug|Any CPU
		{E04C45D8-C573-4C8B-A96A-F56631A7B7FE}.Release|Any CPU.ActiveCfg = Release|Any CPU
		{E04C45D8-C573-4C8B-A96A-F56631A7B7FE}.Release|Any CPU.Build.0 = Release|Any CPU
	EndGlobalSection
	GlobalSection(SolutionProperties) = preSolution
		HideSolutionNode = FALSE
	EndGlobalSection
	GlobalSection(ExtensibilityGlobals) = postSolution
		SolutionGuid = {18A9B27F-F580-45CF-9E5D-091AF6B6042B}
	EndGlobalSection
EndGlobal
