
Microsoft Visual Studio Solution File, Format Version 12.00
# Visual Studio Version 17
VisualStudioVersion = 17.6.33829.357
MinimumVisualStudioVersion = 10.0.40219.1
Project("{FAE04EC0-301F-11D3-BF4B-00C04F79EFBC}") = "WebApplication1", "WebApplication1\WebApplication1.csproj", "{DC28B8DC-3782-4420-B15F-692BDE3D6D4A}"
EndProject
Project("{00D1A9C2-B5F0-4AF3-8072-F6C62B433612}") = "Database1", "Database1\Database1.sqlproj", "{069AE251-7340-4C39-9261-C6C3766C97B6}"
EndProject
Global
	GlobalSection(SolutionConfigurationPlatforms) = preSolution
		Debug|Any CPU = Debug|Any CPU
		Release|Any CPU = Release|Any CPU
	EndGlobalSection
	GlobalSection(ProjectConfigurationPlatforms) = postSolution
		{DC28B8DC-3782-4420-B15F-692BDE3D6D4A}.Debug|Any CPU.ActiveCfg = Debug|Any CPU
		{DC28B8DC-3782-4420-B15F-692BDE3D6D4A}.Debug|Any CPU.Build.0 = Debug|Any CPU
		{DC28B8DC-3782-4420-B15F-692BDE3D6D4A}.Release|Any CPU.ActiveCfg = Release|Any CPU
		{DC28B8DC-3782-4420-B15F-692BDE3D6D4A}.Release|Any CPU.Build.0 = Release|Any CPU
		{069AE251-7340-4C39-9261-C6C3766C97B6}.Debug|Any CPU.ActiveCfg = Debug|Any CPU
		{069AE251-7340-4C39-9261-C6C3766C97B6}.Debug|Any CPU.Build.0 = Debug|Any CPU
		{069AE251-7340-4C39-9261-C6C3766C97B6}.Debug|Any CPU.Deploy.0 = Debug|Any CPU
		{069AE251-7340-4C39-9261-C6C3766C97B6}.Release|Any CPU.ActiveCfg = Release|Any CPU
		{069AE251-7340-4C39-9261-C6C3766C97B6}.Release|Any CPU.Build.0 = Release|Any CPU
		{069AE251-7340-4C39-9261-C6C3766C97B6}.Release|Any CPU.Deploy.0 = Release|Any CPU
	EndGlobalSection
	GlobalSection(SolutionProperties) = preSolution
		HideSolutionNode = FALSE
	EndGlobalSection
	GlobalSection(ExtensibilityGlobals) = postSolution
		SolutionGuid = {D2C1A250-AD62-48B1-AC97-E1F6D5BAC441}
	EndGlobalSection
EndGlobal
