
Microsoft Visual Studio Solution File, Format Version 12.00
# Visual Studio Version 17
VisualStudioVersion = 17.9.34723.18
MinimumVisualStudioVersion = 10.0.40219.1
Project("{FAE04EC0-301F-11D3-BF4B-00C04F79EFBC}") = "BlazorApp1.Server", "BlazorApp1\Server\BlazorApp1.Server.csproj", "{064E2FF6-AE5D-4C6F-95CF-EDF8F29E3E2E}"
EndProject
Project("{FAE04EC0-301F-11D3-BF4B-00C04F79EFBC}") = "BlazorApp1.Client", "BlazorApp1\Client\BlazorApp1.Client.csproj", "{03561EA5-CB7F-4ACA-AC3B-4F5BFD83D78D}"
EndProject
Project("{FAE04EC0-301F-11D3-BF4B-00C04F79EFBC}") = "BlazorApp1.Shared", "BlazorApp1\Shared\BlazorApp1.Shared.csproj", "{73F7704D-3D6E-4DD6-8528-73CC887D9FE4}"
EndProject
Global
	GlobalSection(SolutionConfigurationPlatforms) = preSolution
		Debug|Any CPU = Debug|Any CPU
		Release|Any CPU = Release|Any CPU
	EndGlobalSection
	GlobalSection(ProjectConfigurationPlatforms) = postSolution
		{064E2FF6-AE5D-4C6F-95CF-EDF8F29E3E2E}.Debug|Any CPU.ActiveCfg = Debug|Any CPU
		{064E2FF6-AE5D-4C6F-95CF-EDF8F29E3E2E}.Debug|Any CPU.Build.0 = Debug|Any CPU
		{064E2FF6-AE5D-4C6F-95CF-EDF8F29E3E2E}.Release|Any CPU.ActiveCfg = Release|Any CPU
		{064E2FF6-AE5D-4C6F-95CF-EDF8F29E3E2E}.Release|Any CPU.Build.0 = Release|Any CPU
		{03561EA5-CB7F-4ACA-AC3B-4F5BFD83D78D}.Debug|Any CPU.ActiveCfg = Debug|Any CPU
		{03561EA5-CB7F-4ACA-AC3B-4F5BFD83D78D}.Debug|Any CPU.Build.0 = Debug|Any CPU
		{03561EA5-CB7F-4ACA-AC3B-4F5BFD83D78D}.Release|Any CPU.ActiveCfg = Release|Any CPU
		{03561EA5-CB7F-4ACA-AC3B-4F5BFD83D78D}.Release|Any CPU.Build.0 = Release|Any CPU
		{73F7704D-3D6E-4DD6-8528-73CC887D9FE4}.Debug|Any CPU.ActiveCfg = Debug|Any CPU
		{73F7704D-3D6E-4DD6-8528-73CC887D9FE4}.Debug|Any CPU.Build.0 = Debug|Any CPU
		{73F7704D-3D6E-4DD6-8528-73CC887D9FE4}.Release|Any CPU.ActiveCfg = Release|Any CPU
		{73F7704D-3D6E-4DD6-8528-73CC887D9FE4}.Release|Any CPU.Build.0 = Release|Any CPU
	EndGlobalSection
	GlobalSection(SolutionProperties) = preSolution
		HideSolutionNode = FALSE
	EndGlobalSection
	GlobalSection(ExtensibilityGlobals) = postSolution
		SolutionGuid = {FED46BBB-AA2C-4875-95CD-A43EDB1801A9}
	EndGlobalSection
EndGlobal
